// !$*UTF8*$!
{
	archiveVersion = 1;
	classes = {
	};
	objectVersion = 77;
	objects = {

/* Begin PBXBuildFile section */
		947389A22F13FD0000C59AEC /* Supabase in Frameworks */ = {isa = PBXBuildFile; productRef = 947389A12F13FD0000C59AEC /* Supabase */; };
		947389B12F13FF1E00C59AEC /* Auth in Frameworks */ = {isa = PBXBuildFile; productRef = 947389B02F13FF1E00C59AEC /* Auth */; };
/* End PBXBuildFile section */

/* Begin PBXContainerItemProxy section */
		947389782F13FC2000C59AEC /* PBXContainerItemProxy */ = {
			isa = PBXContainerItemProxy;
			containerPortal = 947389622F13FC1F00C59AEC /* Project object */;
			proxyType = 1;
			remoteGlobalIDString = 947389692F13FC1F00C59AEC;
			remoteInfo = SubscribeCoffieClean;
		};
		947389822F13FC2000C59AEC /* PBXContainerItemProxy */ = {
			isa = PBXContainerItemProxy;
			containerPortal = 947389622F13FC1F00C59AEC /* Project object */;
			proxyType = 1;
			remoteGlobalIDString = 947389692F13FC1F00C59AEC;
			remoteInfo = SubscribeCoffieClean;
		};
/* End PBXContainerItemProxy section */

/* Begin PBXFileReference section */
		9473896A2F13FC1F00C59AEC /* SubscribeCoffieClean.app */ = {isa = PBXFileReference; explicitFileType = wrapper.application; includeInIndex = 0; path = SubscribeCoffieClean.app; sourceTree = BUILT_PRODUCTS_DIR; };
		947389772F13FC2000C59AEC /* SubscribeCoffieCleanTests.xctest */ = {isa = PBXFileReference; explicitFileType = wrapper.cfbundle; includeInIndex = 0; path = SubscribeCoffieCleanTests.xctest; sourceTree = BUILT_PRODUCTS_DIR; };
		947389812F13FC2000C59AEC /* SubscribeCoffieCleanUITests.xctest */ = {isa = PBXFileReference; explicitFileType = wrapper.cfbundle; includeInIndex = 0; path = SubscribeCoffieCleanUITests.xctest; sourceTree = BUILT_PRODUCTS_DIR; };
/* End PBXFileReference section */

/* Begin PBXFileSystemSynchronizedRootGroup section */
		9473896C2F13FC1F00C59AEC /* SubscribeCoffieClean */ = {
			isa = PBXFileSystemSynchronizedRootGroup;
			path = SubscribeCoffieClean;
			sourceTree = "<group>";
		};
		9473897A2F13FC2000C59AEC /* SubscribeCoffieCleanTests */ = {
			isa = PBXFileSystemSynchronizedRootGroup;
			path = SubscribeCoffieCleanTests;
			sourceTree = "<group>";
		};
		947389842F13FC2000C59AEC /* SubscribeCoffieCleanUITests */ = {
			isa = PBXFileSystemSynchronizedRootGroup;
			path = SubscribeCoffieCleanUITests;
			sourceTree = "<group>";
		};
/* End PBXFileSystemSynchronizedRootGroup section */

/* Begin PBXFrameworksBuildPhase section */
		947389672F13FC1F00C59AEC /* Frameworks */ = {
			isa = PBXFrameworksBuildPhase;
			buildActionMask = 2147483647;
			files = (
				947389A22F13FD0000C59AEC /* Supabase in Frameworks */,
				947389B12F13FF1E00C59AEC /* Auth in Frameworks */,
			);
			runOnlyForDeploymentPostprocessing = 0;
		};
		947389742F13FC2000C59AEC /* Frameworks */ = {
			isa = PBXFrameworksBuildPhase;
			buildActionMask = 2147483647;
			files = (
			);
			runOnlyForDeploymentPostprocessing = 0;
		};
		9473897E2F13FC2000C59AEC /* Frameworks */ = {
			isa = PBXFrameworksBuildPhase;
			buildActionMask = 2147483647;
			files = (
			);
			runOnlyForDeploymentPostprocessing = 0;
		};
/* End PBXFrameworksBuildPhase section */

/* Begin PBXGroup section */
		947389612F13FC1F00C59AEC = {
			isa = PBXGroup;
			children = (
				9473896C2F13FC1F00C59AEC /* SubscribeCoffieClean */,
				9473897A2F13FC2000C59AEC /* SubscribeCoffieCleanTests */,
				947389842F13FC2000C59AEC /* SubscribeCoffieCleanUITests */,
				9473896B2F13FC1F00C59AEC /* Products */,
			);
			sourceTree = "<group>";
		};
		9473896B2F13FC1F00C59AEC /* Products */ = {
			isa = PBXGroup;
			children = (
				9473896A2F13FC1F00C59AEC /* SubscribeCoffieClean.app */,
				947389772F13FC2000C59AEC /* SubscribeCoffieCleanTests.xctest */,
				947389812F13FC2000C59AEC /* SubscribeCoffieCleanUITests.xctest */,
			);
			name = Products;
			sourceTree = "<group>";
		};
/* End PBXGroup section */

/* Begin PBXNativeTarget section */
		947389692F13FC1F00C59AEC /* SubscribeCoffieClean */ = {
			isa = PBXNativeTarget;
			buildConfigurationList = 9473898B2F13FC2000C59AEC /* Build configuration list for PBXNativeTarget "SubscribeCoffieClean" */;
			buildPhases = (
				947389662F13FC1F00C59AEC /* Sources */,
				947389672F13FC1F00C59AEC /* Frameworks */,
				947389682F13FC1F00C59AEC /* Resources */,
			);
			buildRules = (
			);
			dependencies = (
			);
			fileSystemSynchronizedGroups = (
				9473896C2F13FC1F00C59AEC /* SubscribeCoffieClean */,
			);
			name = SubscribeCoffieClean;
			packageProductDependencies = (
				947389A12F13FD0000C59AEC /* Supabase */,
				947389B02F13FF1E00C59AEC /* Auth */,
			);
			productName = SubscribeCoffieClean;
			productReference = 9473896A2F13FC1F00C59AEC /* SubscribeCoffieClean.app */;
			productType = "com.apple.product-type.application";
		};
		947389762F13FC2000C59AEC /* SubscribeCoffieCleanTests */ = {
			isa = PBXNativeTarget;
			buildConfigurationList = 9473898E2F13FC2000C59AEC /* Build configuration list for PBXNativeTarget "SubscribeCoffieCleanTests" */;
			buildPhases = (
				947389732F13FC2000C59AEC /* Sources */,
				947389742F13FC2000C59AEC /* Frameworks */,
				947389752F13FC2000C59AEC /* Resources */,
			);
			buildRules = (
			);
			dependencies = (
				947389792F13FC2000C59AEC /* PBXTargetDependency */,
			);
			fileSystemSynchronizedGroups = (
				9473897A2F13FC2000C59AEC /* SubscribeCoffieCleanTests */,
			);
			name = SubscribeCoffieCleanTests;
			packageProductDependencies = (
			);
			productName = SubscribeCoffieCleanTests;
			productReference = 947389772F13FC2000C59AEC /* SubscribeCoffieCleanTests.xctest */;
			productType = "com.apple.product-type.bundle.unit-test";
		};
		947389802F13FC2000C59AEC /* SubscribeCoffieCleanUITests */ = {
			isa = PBXNativeTarget;
			buildConfigurationList = 947389912F13FC2000C59AEC /* Build configuration list for PBXNativeTarget "SubscribeCoffieCleanUITests" */;
			buildPhases = (
				9473897D2F13FC2000C59AEC /* Sources */,
				9473897E2F13FC2000C59AEC /* Frameworks */,
				9473897F2F13FC2000C59AEC /* Resources */,
			);
			buildRules = (
			);
			dependencies = (
				947389832F13FC2000C59AEC /* PBXTargetDependency */,
			);
			fileSystemSynchronizedGroups = (
				947389842F13FC2000C59AEC /* SubscribeCoffieCleanUITests */,
			);
			name = SubscribeCoffieCleanUITests;
			packageProductDependencies = (
			);
			productName = SubscribeCoffieCleanUITests;
			productReference = 947389812F13FC2000C59AEC /* SubscribeCoffieCleanUITests.xctest */;
			productType = "com.apple.product-type.bundle.ui-testing";
		};
/* End PBXNativeTarget section */

/* Begin PBXProject section */
		947389622F13FC1F00C59AEC /* Project object */ = {
			isa = PBXProject;
			attributes = {
				BuildIndependentTargetsInParallel = 1;
				LastSwiftUpdateCheck = 2620;
				LastUpgradeCheck = 2620;
				TargetAttributes = {
					947389692F13FC1F00C59AEC = {
						CreatedOnToolsVersion = 26.2;
					};
					947389762F13FC2000C59AEC = {
						CreatedOnToolsVersion = 26.2;
						TestTargetID = 947389692F13FC1F00C59AEC;
					};
					947389802F13FC2000C59AEC = {
						CreatedOnToolsVersion = 26.2;
						TestTargetID = 947389692F13FC1F00C59AEC;
					};
				};
			};
			buildConfigurationList = 947389652F13FC1F00C59AEC /* Build configuration list for PBXProject "SubscribeCoffieClean" */;
			developmentRegion = en;
			hasScannedForEncodings = 0;
			knownRegions = (
				en,
				Base,
			);
			mainGroup = 947389612F13FC1F00C59AEC;
			minimizedProjectReferenceProxies = 1;
			packageReferences = (
				947389A02F13FD0000C59AEC /* XCRemoteSwiftPackageReference "supabase-swift" */,
			);
			preferredProjectObjectVersion = 77;
			productRefGroup = 9473896B2F13FC1F00C59AEC /* Products */;
			projectDirPath = "";
			projectRoot = "";
			targets = (
				947389692F13FC1F00C59AEC /* SubscribeCoffieClean */,
				947389762F13FC2000C59AEC /* SubscribeCoffieCleanTests */,
				947389802F13FC2000C59AEC /* SubscribeCoffieCleanUITests */,
			);
		};
/* End PBXProject section */

/* Begin PBXResourcesBuildPhase section */
		947389682F13FC1F00C59AEC /* Resources */ = {
			isa = PBXResourcesBuildPhase;
			buildActionMask = 2147483647;
			files = (
			);
			runOnlyForDeploymentPostprocessing = 0;
		};
		947389752F13FC2000C59AEC /* Resources */ = {
			isa = PBXResourcesBuildPhase;
			buildActionMask = 2147483647;
			files = (
			);
			runOnlyForDeploymentPostprocessing = 0;
		};
		9473897F2F13FC2000C59AEC /* Resources */ = {
			isa = PBXResourcesBuildPhase;
			buildActionMask = 2147483647;
			files = (
			);
			runOnlyForDeploymentPostprocessing = 0;
		};
/* End PBXResourcesBuildPhase section */

/* Begin PBXSourcesBuildPhase section */
		947389662F13FC1F00C59AEC /* Sources */ = {
			isa = PBXSourcesBuildPhase;
			buildActionMask = 2147483647;
			files = (
			);
			runOnlyForDeploymentPostprocessing = 0;
		};
		947389732F13FC2000C59AEC /* Sources */ = {
			isa = PBXSourcesBuildPhase;
			buildActionMask = 2147483647;
			files = (
			);
			runOnlyForDeploymentPostprocessing = 0;
		};
		9473897D2F13FC2000C59AEC /* Sources */ = {
			isa = PBXSourcesBuildPhase;
			buildActionMask = 2147483647;
			files = (
			);
			runOnlyForDeploymentPostprocessing = 0;
		};
/* End PBXSourcesBuildPhase section */

/* Begin PBXTargetDependency section */
		947389792F13FC2000C59AEC /* PBXTargetDependency */ = {
			isa = PBXTargetDependency;
			target = 947389692F13FC1F00C59AEC /* SubscribeCoffieClean */;
			targetProxy = 947389782F13FC2000C59AEC /* PBXContainerItemProxy */;
		};
		947389832F13FC2000C59AEC /* PBXTargetDependency */ = {
			isa = PBXTargetDependency;
			target = 947389692F13FC1F00C59AEC /* SubscribeCoffieClean */;
			targetProxy = 947389822F13FC2000C59AEC /* PBXContainerItemProxy */;
		};
/* End PBXTargetDependency section */

/* Begin XCBuildConfiguration section */
		947389892F13FC2000C59AEC /* Debug */ = {
			isa = XCBuildConfiguration;
			buildSettings = {
				ALWAYS_SEARCH_USER_PATHS = NO;
				ASSETCATALOG_COMPILER_GENERATE_SWIFT_ASSET_SYMBOL_EXTENSIONS = YES;
				CLANG_ANALYZER_NONNULL = YES;
				CLANG_ANALYZER_NUMBER_OBJECT_CONVERSION = YES_AGGRESSIVE;
				CLANG_CXX_LANGUAGE_STANDARD = "gnu++20";
				CLANG_ENABLE_MODULES = YES;
				CLANG_ENABLE_OBJC_ARC = YES;
				CLANG_ENABLE_OBJC_WEAK = YES;
				CLANG_WARN_BLOCK_CAPTURE_AUTORELEASING = YES;
				CLANG_WARN_BOOL_CONVERSION = YES;
				CLANG_WARN_COMMA = YES;
				CLANG_WARN_CONSTANT_CONVERSION = YES;
				CLANG_WARN_DEPRECATED_OBJC_IMPLEMENTATIONS = YES;
				CLANG_WARN_DIRECT_OBJC_ISA_USAGE = YES_ERROR;
				CLANG_WARN_DOCUMENTATION_COMMENTS = YES;
				CLANG_WARN_EMPTY_BODY = YES;
				CLANG_WARN_ENUM_CONVERSION = YES;
				CLANG_WARN_INFINITE_RECURSION = YES;
				CLANG_WARN_INT_CONVERSION = YES;
				CLANG_WARN_NON_LITERAL_NULL_CONVERSION = YES;
				CLANG_WARN_OBJC_IMPLICIT_RETAIN_SELF = YES;
				CLANG_WARN_OBJC_LITERAL_CONVERSION = YES;
				CLANG_WARN_OBJC_ROOT_CLASS = YES_ERROR;
				CLANG_WARN_QUOTED_INCLUDE_IN_FRAMEWORK_HEADER = YES;
				CLANG_WARN_RANGE_LOOP_ANALYSIS = YES;
				CLANG_WARN_STRICT_PROTOTYPES = YES;
				CLANG_WARN_SUSPICIOUS_MOVE = YES;
				CLANG_WARN_UNGUARDED_AVAILABILITY = YES_AGGRESSIVE;
				CLANG_WARN_UNREACHABLE_CODE = YES;
				CLANG_WARN__DUPLICATE_METHOD_MATCH = YES;
				COPY_PHASE_STRIP = NO;
				DEBUG_INFORMATION_FORMAT = dwarf;
				DEVELOPMENT_TEAM = FQGKZ2M82H;
				ENABLE_STRICT_OBJC_MSGSEND = YES;
				ENABLE_TESTABILITY = YES;
				ENABLE_USER_SCRIPT_SANDBOXING = YES;
				GCC_C_LANGUAGE_STANDARD = gnu17;
				GCC_DYNAMIC_NO_PIC = NO;
				GCC_NO_COMMON_BLOCKS = YES;
				GCC_OPTIMIZATION_LEVEL = 0;
				GCC_PREPROCESSOR_DEFINITIONS = (
					"DEBUG=1",
					"$(inherited)",
				);
				GCC_WARN_64_TO_32_BIT_CONVERSION = YES;
				GCC_WARN_ABOUT_RETURN_TYPE = YES_ERROR;
				GCC_WARN_UNDECLARED_SELECTOR = YES;
				GCC_WARN_UNINITIALIZED_AUTOS = YES_AGGRESSIVE;
				GCC_WARN_UNUSED_FUNCTION = YES;
				GCC_WARN_UNUSED_VARIABLE = YES;
				IPHONEOS_DEPLOYMENT_TARGET = 26.2;
				LOCALIZATION_PREFERS_STRING_CATALOGS = YES;
				MTL_ENABLE_DEBUG_INFO = INCLUDE_SOURCE;
				MTL_FAST_MATH = YES;
				ONLY_ACTIVE_ARCH = YES;
				SDKROOT = iphoneos;
				SWIFT_ACTIVE_COMPILATION_CONDITIONS = "DEBUG $(inherited)";
				SWIFT_OPTIMIZATION_LEVEL = "-Onone";
			};
			name = Debug;
		};
		9473898A2F13FC2000C59AEC /* Release */ = {
			isa = XCBuildConfiguration;
			buildSettings = {
				ALWAYS_SEARCH_USER_PATHS = NO;
				ASSETCATALOG_COMPILER_GENERATE_SWIFT_ASSET_SYMBOL_EXTENSIONS = YES;
				CLANG_ANALYZER_NONNULL = YES;
				CLANG_ANALYZER_NUMBER_OBJECT_CONVERSION = YES_AGGRESSIVE;
				CLANG_CXX_LANGUAGE_STANDARD = "gnu++20";
				CLANG_ENABLE_MODULES = YES;
				CLANG_ENABLE_OBJC_ARC = YES;
				CLANG_ENABLE_OBJC_WEAK = YES;
				CLANG_WARN_BLOCK_CAPTURE_AUTORELEASING = YES;
				CLANG_WARN_BOOL_CONVERSION = YES;
				CLANG_WARN_COMMA = YES;
				CLANG_WARN_CONSTANT_CONVERSION = YES;
				CLANG_WARN_DEPRECATED_OBJC_IMPLEMENTATIONS = YES;
				CLANG_WARN_DIRECT_OBJC_ISA_USAGE = YES_ERROR;
				CLANG_WARN_DOCUMENTATION_COMMENTS = YES;
				CLANG_WARN_EMPTY_BODY = YES;
				CLANG_WARN_ENUM_CONVERSION = YES;
				CLANG_WARN_INFINITE_RECURSION = YES;
				CLANG_WARN_INT_CONVERSION = YES;
				CLANG_WARN_NON_LITERAL_NULL_CONVERSION = YES;
				CLANG_WARN_OBJC_IMPLICIT_RETAIN_SELF = YES;
				CLANG_WARN_OBJC_LITERAL_CONVERSION = YES;
				CLANG_WARN_OBJC_ROOT_CLASS = YES_ERROR;
				CLANG_WARN_QUOTED_INCLUDE_IN_FRAMEWORK_HEADER = YES;
				CLANG_WARN_RANGE_LOOP_ANALYSIS = YES;
				CLANG_WARN_STRICT_PROTOTYPES = YES;
				CLANG_WARN_SUSPICIOUS_MOVE = YES;
				CLANG_WARN_UNGUARDED_AVAILABILITY = YES_AGGRESSIVE;
				CLANG_WARN_UNREACHABLE_CODE = YES;
				CLANG_WARN__DUPLICATE_METHOD_MATCH = YES;
				COPY_PHASE_STRIP = NO;
				DEBUG_INFORMATION_FORMAT = "dwarf-with-dsym";
				DEVELOPMENT_TEAM = FQGKZ2M82H;
				ENABLE_NS_ASSERTIONS = NO;
				ENABLE_STRICT_OBJC_MSGSEND = YES;
				ENABLE_USER_SCRIPT_SANDBOXING = YES;
				GCC_C_LANGUAGE_STANDARD = gnu17;
				GCC_NO_COMMON_BLOCKS = YES;
				GCC_WARN_64_TO_32_BIT_CONVERSION = YES;
				GCC_WARN_ABOUT_RETURN_TYPE = YES_ERROR;
				GCC_WARN_UNDECLARED_SELECTOR = YES;
				GCC_WARN_UNINITIALIZED_AUTOS = YES_AGGRESSIVE;
				GCC_WARN_UNUSED_FUNCTION = YES;
				GCC_WARN_UNUSED_VARIABLE = YES;
				IPHONEOS_DEPLOYMENT_TARGET = 26.2;
				LOCALIZATION_PREFERS_STRING_CATALOGS = YES;
				MTL_ENABLE_DEBUG_INFO = NO;
				MTL_FAST_MATH = YES;
				SDKROOT = iphoneos;
				SWIFT_COMPILATION_MODE = wholemodule;
				VALIDATE_PRODUCT = YES;
			};
			name = Release;
		};
		9473898C2F13FC2000C59AEC /* Debug */ = {
			isa = XCBuildConfiguration;
			buildSettings = {
				ASSETCATALOG_COMPILER_APPICON_NAME = AppIcon;
				ASSETCATALOG_COMPILER_GLOBAL_ACCENT_COLOR_NAME = AccentColor;
				CODE_SIGN_STYLE = Automatic;
				CURRENT_PROJECT_VERSION = 1;
				DEVELOPMENT_TEAM = FQGKZ2M82H;
				ENABLE_PREVIEWS = YES;
				GENERATE_INFOPLIST_FILE = YES;
				INFOPLIST_KEY_UIApplicationSceneManifest_Generation = YES;
				INFOPLIST_KEY_UIApplicationSupportsIndirectInputEvents = YES;
				INFOPLIST_KEY_UILaunchScreen_Generation = YES;
				INFOPLIST_KEY_UISupportedInterfaceOrientations_iPad = "UIInterfaceOrientationPortrait UIInterfaceOrientationPortraitUpsideDown UIInterfaceOrientationLandscapeLeft UIInterfaceOrientationLandscapeRight";
				INFOPLIST_KEY_UISupportedInterfaceOrientations_iPhone = "UIInterfaceOrientationPortrait UIInterfaceOrientationLandscapeLeft UIInterfaceOrientationLandscapeRight";
				LD_RUNPATH_SEARCH_PATHS = (
					"$(inherited)",
					"@executable_path/Frameworks",
				);
				MARKETING_VERSION = 1.0;
				PRODUCT_BUNDLE_IDENTIFIER = SubscribeCoffieClean.SubscribeCoffieClean;
				PRODUCT_NAME = "$(TARGET_NAME)";
				STRING_CATALOG_GENERATE_SYMBOLS = YES;
				SWIFT_APPROACHABLE_CONCURRENCY = YES;
				SWIFT_DEFAULT_ACTOR_ISOLATION = MainActor;
				SWIFT_EMIT_LOC_STRINGS = YES;
				SWIFT_UPCOMING_FEATURE_MEMBER_IMPORT_VISIBILITY = YES;
				SWIFT_VERSION = 5.0;
				TARGETED_DEVICE_FAMILY = "1,2";
			};
			name = Debug;
		};
		9473898D2F13FC2000C59AEC /* Release */ = {
			isa = XCBuildConfiguration;
			buildSettings = {
				ASSETCATALOG_COMPILER_APPICON_NAME = AppIcon;
				ASSETCATALOG_COMPILER_GLOBAL_ACCENT_COLOR_NAME = AccentColor;
				CODE_SIGN_STYLE = Automatic;
				CURRENT_PROJECT_VERSION = 1;
				DEVELOPMENT_TEAM = FQGKZ2M82H;
				ENABLE_PREVIEWS = YES;
				GENERATE_INFOPLIST_FILE = YES;
				INFOPLIST_KEY_UIApplicationSceneManifest_Generation = YES;
				INFOPLIST_KEY_UIApplicationSupportsIndirectInputEvents = YES;
				INFOPLIST_KEY_UILaunchScreen_Generation = YES;
				INFOPLIST_KEY_UISupportedInterfaceOrientations_iPad = "UIInterfaceOrientationPortrait UIInterfaceOrientationPortraitUpsideDown UIInterfaceOrientationLandscapeLeft UIInterfaceOrientationLandscapeRight";
				INFOPLIST_KEY_UISupportedInterfaceOrientations_iPhone = "UIInterfaceOrientationPortrait UIInterfaceOrientationLandscapeLeft UIInterfaceOrientationLandscapeRight";
				LD_RUNPATH_SEARCH_PATHS = (
					"$(inherited)",
					"@executable_path/Frameworks",
				);
				MARKETING_VERSION = 1.0;
				PRODUCT_BUNDLE_IDENTIFIER = SubscribeCoffieClean.SubscribeCoffieClean;
				PRODUCT_NAME = "$(TARGET_NAME)";
				STRING_CATALOG_GENERATE_SYMBOLS = YES;
				SWIFT_APPROACHABLE_CONCURRENCY = YES;
				SWIFT_DEFAULT_ACTOR_ISOLATION = MainActor;
				SWIFT_EMIT_LOC_STRINGS = YES;
				SWIFT_UPCOMING_FEATURE_MEMBER_IMPORT_VISIBILITY = YES;
				SWIFT_VERSION = 5.0;
				TARGETED_DEVICE_FAMILY = "1,2";
			};
			name = Release;
		};
		9473898F2F13FC2000C59AEC /* Debug */ = {
			isa = XCBuildConfiguration;
			buildSettings = {
				BUNDLE_LOADER = "$(TEST_HOST)";
				CODE_SIGN_STYLE = Automatic;
				CURRENT_PROJECT_VERSION = 1;
				DEVELOPMENT_TEAM = FQGKZ2M82H;
				GENERATE_INFOPLIST_FILE = YES;
				IPHONEOS_DEPLOYMENT_TARGET = 26.2;
				MARKETING_VERSION = 1.0;
				PRODUCT_BUNDLE_IDENTIFIER = SubscribeCoffieClean.SubscribeCoffieCleanTests;
				PRODUCT_NAME = "$(TARGET_NAME)";
				STRING_CATALOG_GENERATE_SYMBOLS = NO;
				SWIFT_APPROACHABLE_CONCURRENCY = YES;
				SWIFT_EMIT_LOC_STRINGS = NO;
				SWIFT_UPCOMING_FEATURE_MEMBER_IMPORT_VISIBILITY = YES;
				SWIFT_VERSION = 5.0;
				TARGETED_DEVICE_FAMILY = "1,2";
				TEST_HOST = "$(BUILT_PRODUCTS_DIR)/SubscribeCoffieClean.app/$(BUNDLE_EXECUTABLE_FOLDER_PATH)/SubscribeCoffieClean";
			};
			name = Debug;
		};
		947389902F13FC2000C59AEC /* Release */ = {
			isa = XCBuildConfiguration;
			buildSettings = {
				BUNDLE_LOADER = "$(TEST_HOST)";
				CODE_SIGN_STYLE = Automatic;
				CURRENT_PROJECT_VERSION = 1;
				DEVELOPMENT_TEAM = FQGKZ2M82H;
				GENERATE_INFOPLIST_FILE = YES;
				IPHONEOS_DEPLOYMENT_TARGET = 26.2;
				MARKETING_VERSION = 1.0;
				PRODUCT_BUNDLE_IDENTIFIER = SubscribeCoffieClean.SubscribeCoffieCleanTests;
				PRODUCT_NAME = "$(TARGET_NAME)";
				STRING_CATALOG_GENERATE_SYMBOLS = NO;
				SWIFT_APPROACHABLE_CONCURRENCY = YES;
				SWIFT_EMIT_LOC_STRINGS = NO;
				SWIFT_UPCOMING_FEATURE_MEMBER_IMPORT_VISIBILITY = YES;
				SWIFT_VERSION = 5.0;
				TARGETED_DEVICE_FAMILY = "1,2";
				TEST_HOST = "$(BUILT_PRODUCTS_DIR)/SubscribeCoffieClean.app/$(BUNDLE_EXECUTABLE_FOLDER_PATH)/SubscribeCoffieClean";
			};
			name = Release;
		};
		947389922F13FC2000C59AEC /* Debug */ = {
			isa = XCBuildConfiguration;
			buildSettings = {
				CODE_SIGN_STYLE = Automatic;
				CURRENT_PROJECT_VERSION = 1;
				DEVELOPMENT_TEAM = FQGKZ2M82H;
				GENERATE_INFOPLIST_FILE = YES;
				MARKETING_VERSION = 1.0;
				PRODUCT_BUNDLE_IDENTIFIER = SubscribeCoffieClean.SubscribeCoffieCleanUITests;
				PRODUCT_NAME = "$(TARGET_NAME)";
				STRING_CATALOG_GENERATE_SYMBOLS = NO;
				SWIFT_APPROACHABLE_CONCURRENCY = YES;
				SWIFT_EMIT_LOC_STRINGS = NO;
				SWIFT_UPCOMING_FEATURE_MEMBER_IMPORT_VISIBILITY = YES;
				SWIFT_VERSION = 5.0;
				TARGETED_DEVICE_FAMILY = "1,2";
				TEST_TARGET_NAME = SubscribeCoffieClean;
			};
			name = Debug;
		};
		947389932F13FC2000C59AEC /* Release */ = {
			isa = XCBuildConfiguration;
			buildSettings = {
				CODE_SIGN_STYLE = Automatic;
				CURRENT_PROJECT_VERSION = 1;
				DEVELOPMENT_TEAM = FQGKZ2M82H;
				GENERATE_INFOPLIST_FILE = YES;
				MARKETING_VERSION = 1.0;
				PRODUCT_BUNDLE_IDENTIFIER = SubscribeCoffieClean.SubscribeCoffieCleanUITests;
				PRODUCT_NAME = "$(TARGET_NAME)";
				STRING_CATALOG_GENERATE_SYMBOLS = NO;
				SWIFT_APPROACHABLE_CONCURRENCY = YES;
				SWIFT_EMIT_LOC_STRINGS = NO;
				SWIFT_UPCOMING_FEATURE_MEMBER_IMPORT_VISIBILITY = YES;
				SWIFT_VERSION = 5.0;
				TARGETED_DEVICE_FAMILY = "1,2";
				TEST_TARGET_NAME = SubscribeCoffieClean;
			};
			name = Release;
		};
/* End XCBuildConfiguration section */

/* Begin XCConfigurationList section */
		947389652F13FC1F00C59AEC /* Build configuration list for PBXProject "SubscribeCoffieClean" */ = {
			isa = XCConfigurationList;
			buildConfigurations = (
				947389892F13FC2000C59AEC /* Debug */,
				9473898A2F13FC2000C59AEC /* Release */,
			);
			defaultConfigurationIsVisible = 0;
			defaultConfigurationName = Release;
		};
		9473898B2F13FC2000C59AEC /* Build configuration list for PBXNativeTarget "SubscribeCoffieClean" */ = {
			isa = XCConfigurationList;
			buildConfigurations = (
				9473898C2F13FC2000C59AEC /* Debug */,
				9473898D2F13FC2000C59AEC /* Release */,
			);
			defaultConfigurationIsVisible = 0;
			defaultConfigurationName = Release;
		};
		9473898E2F13FC2000C59AEC /* Build configuration list for PBXNativeTarget "SubscribeCoffieCleanTests" */ = {
			isa = XCConfigurationList;
			buildConfigurations = (
				9473898F2F13FC2000C59AEC /* Debug */,
				947389902F13FC2000C59AEC /* Release */,
			);
			defaultConfigurationIsVisible = 0;
			defaultConfigurationName = Release;
		};
		947389912F13FC2000C59AEC /* Build configuration list for PBXNativeTarget "SubscribeCoffieCleanUITests" */ = {
			isa = XCConfigurationList;
			buildConfigurations = (
				947389922F13FC2000C59AEC /* Debug */,
				947389932F13FC2000C59AEC /* Release */,
			);
			defaultConfigurationIsVisible = 0;
			defaultConfigurationName = Release;
		};
/* End XCConfigurationList section */

/* Begin XCRemoteSwiftPackageReference section */
		947389A02F13FD0000C59AEC /* XCRemoteSwiftPackageReference "supabase-swift" */ = {
			isa = XCRemoteSwiftPackageReference;
			repositoryURL = "https://github.com/supabase/supabase-swift";
			requirement = {
				kind = upToNextMajorVersion;
				minimumVersion = 2.0.0;
			};
		};
/* End XCRemoteSwiftPackageReference section */

/* Begin XCSwiftPackageProductDependency section */
		947389A12F13FD0000C59AEC /* Supabase */ = {
			isa = XCSwiftPackageProductDependency;
			package = 947389A02F13FD0000C59AEC /* XCRemoteSwiftPackageReference "supabase-swift" */;
			productName = Supabase;
		};
		947389B02F13FF1E00C59AEC /* Auth */ = {
			isa = XCSwiftPackageProductDependency;
			package = 947389A02F13FD0000C59AEC /* XCRemoteSwiftPackageReference "supabase-swift" */;
			productName = Auth;
		};
/* End XCSwiftPackageProductDependency section */
	};
	rootObject = 947389622F13FC1F00C59AEC /* Project object */;
}
